// !$*UTF8*$!
{
	archiveVersion = 1;
	classes = {
	};
	objectVersion = 56;
	objects = {

/* Begin PBXBuildFile section */
		4C93F33D2C314A7F00A3F0D2 /* AppDelegate.swift in Sources */ = {isa = PBXBuildFile; fileRef = 4C93F33C2C314A7F00A3F0D2 /* AppDelegate.swift */; };
		4C93F33F2C314A7F00A3F0D2 /* SceneDelegate.swift in Sources */ = {isa = PBXBuildFile; fileRef = 4C93F33E2C314A7F00A3F0D2 /* SceneDelegate.swift */; };
		4C93F3412C314A7F00A3F0D2 /* ViewController.swift in Sources */ = {isa = PBXBuildFile; fileRef = 4C93F3402C314A7F00A3F0D2 /* ViewController.swift */; };
		4C93F3442C314A7F00A3F0D2 /* Base in Resources */ = {isa = PBXBuildFile; fileRef = 4C93F3432C314A7F00A3F0D2 /* Base */; };
		4C93F3462C314A8000A3F0D2 /* Assets.xcassets in Resources */ = {isa = PBXBuildFile; fileRef = 4C93F3452C314A8000A3F0D2 /* Assets.xcassets */; };
		4C93F3492C314A8000A3F0D2 /* Base in Resources */ = {isa = PBXBuildFile; fileRef = 4C93F3482C314A8000A3F0D2 /* Base */; };
		4C93F3542C314A8000A3F0D2 /* Compositional_LayoutTests.swift in Sources */ = {isa = PBXBuildFile; fileRef = 4C93F3532C314A8000A3F0D2 /* Compositional_LayoutTests.swift */; };
		4C93F35E2C314A8000A3F0D2 /* Compositional_LayoutUITests.swift in Sources */ = {isa = PBXBuildFile; fileRef = 4C93F35D2C314A8000A3F0D2 /* Compositional_LayoutUITests.swift */; };
		4C93F3602C314A8000A3F0D2 /* Compositional_LayoutUITestsLaunchTests.swift in Sources */ = {isa = PBXBuildFile; fileRef = 4C93F35F2C314A8000A3F0D2 /* Compositional_LayoutUITestsLaunchTests.swift */; };
		4C93F3812C314C7600A3F0D2 /* BannerCvCell.swift in Sources */ = {isa = PBXBuildFile; fileRef = 4C93F36C2C314C7600A3F0D2 /* BannerCvCell.swift */; };
		4C93F3822C314C7600A3F0D2 /* BannerCvCell.xib in Resources */ = {isa = PBXBuildFile; fileRef = 4C93F36D2C314C7600A3F0D2 /* BannerCvCell.xib */; };
		4C93F3832C314C7600A3F0D2 /* BlueTileCvCell.swift in Sources */ = {isa = PBXBuildFile; fileRef = 4C93F36F2C314C7600A3F0D2 /* BlueTileCvCell.swift */; };
		4C93F3842C314C7600A3F0D2 /* BlueTileCvCell.xib in Resources */ = {isa = PBXBuildFile; fileRef = 4C93F3702C314C7600A3F0D2 /* BlueTileCvCell.xib */; };
		4C93F3852C314C7600A3F0D2 /* MoneyTransferCvCell.swift in Sources */ = {isa = PBXBuildFile; fileRef = 4C93F3722C314C7600A3F0D2 /* MoneyTransferCvCell.swift */; };
		4C93F3862C314C7600A3F0D2 /* MoneyTransferCvCell.xib in Resources */ = {isa = PBXBuildFile; fileRef = 4C93F3732C314C7600A3F0D2 /* MoneyTransferCvCell.xib */; };
		4C93F3872C314C7600A3F0D2 /* QrCvCell.swift in Sources */ = {isa = PBXBuildFile; fileRef = 4C93F3752C314C7600A3F0D2 /* QrCvCell.swift */; };
		4C93F3882C314C7600A3F0D2 /* QrCvCell.xib in Resources */ = {isa = PBXBuildFile; fileRef = 4C93F3762C314C7600A3F0D2 /* QrCvCell.xib */; };
		4C93F3892C314C7600A3F0D2 /* HeaderView.swift in Sources */ = {isa = PBXBuildFile; fileRef = 4C93F3792C314C7600A3F0D2 /* HeaderView.swift */; };
		4C93F38A2C314C7600A3F0D2 /* HeaderView.xib in Resources */ = {isa = PBXBuildFile; fileRef = 4C93F37A2C314C7600A3F0D2 /* HeaderView.xib */; };
		4C93F38B2C314C7600A3F0D2 /* Hearder.swift in Sources */ = {isa = PBXBuildFile; fileRef = 4C93F37B2C314C7600A3F0D2 /* Hearder.swift */; };
		4C93F38C2C314C7600A3F0D2 /* Hearder.xib in Resources */ = {isa = PBXBuildFile; fileRef = 4C93F37C2C314C7600A3F0D2 /* Hearder.xib */; };
		4C93F38D2C314C7600A3F0D2 /* BackgroundView.swift in Sources */ = {isa = PBXBuildFile; fileRef = 4C93F37E2C314C7600A3F0D2 /* BackgroundView.swift */; };
/* End PBXBuildFile section */

/* Begin PBXContainerItemProxy section */
		4C93F3502C314A8000A3F0D2 /* PBXContainerItemProxy */ = {
			isa = PBXContainerItemProxy;
			containerPortal = 4C93F3312C314A7F00A3F0D2 /* Project object */;
			proxyType = 1;
			remoteGlobalIDString = 4C93F3382C314A7F00A3F0D2;
			remoteInfo = "Compositional Layout";
		};
		4C93F35A2C314A8000A3F0D2 /* PBXContainerItemProxy */ = {
			isa = PBXContainerItemProxy;
			containerPortal = 4C93F3312C314A7F00A3F0D2 /* Project object */;
			proxyType = 1;
			remoteGlobalIDString = 4C93F3382C314A7F00A3F0D2;
			remoteInfo = "Compositional Layout";
		};
/* End PBXContainerItemProxy section */

/* Begin PBXFileReference section */
		4C93F3392C314A7F00A3F0D2 /* Compositional Layout.app */ = {isa = PBXFileReference; explicitFileType = wrapper.application; includeInIndex = 0; path = "Compositional Layout.app"; sourceTree = BUILT_PRODUCTS_DIR; };
		4C93F33C2C314A7F00A3F0D2 /* AppDelegate.swift */ = {isa = PBXFileReference; lastKnownFileType = sourcecode.swift; path = AppDelegate.swift; sourceTree = "<group>"; };
		4C93F33E2C314A7F00A3F0D2 /* SceneDelegate.swift */ = {isa = PBXFileReference; lastKnownFileType = sourcecode.swift; path = SceneDelegate.swift; sourceTree = "<group>"; };
		4C93F3402C314A7F00A3F0D2 /* ViewController.swift */ = {isa = PBXFileReference; lastKnownFileType = sourcecode.swift; path = ViewController.swift; sourceTree = "<group>"; };
		4C93F3432C314A7F00A3F0D2 /* Base */ = {isa = PBXFileReference; lastKnownFileType = file.storyboard; name = Base; path = Base.lproj/Main.storyboard; sourceTree = "<group>"; };
		4C93F3452C314A8000A3F0D2 /* Assets.xcassets */ = {isa = PBXFileReference; lastKnownFileType = folder.assetcatalog; path = Assets.xcassets; sourceTree = "<group>"; };
		4C93F3482C314A8000A3F0D2 /* Base */ = {isa = PBXFileReference; lastKnownFileType = file.storyboard; name = Base; path = Base.lproj/LaunchScreen.storyboard; sourceTree = "<group>"; };
		4C93F34A2C314A8000A3F0D2 /* Info.plist */ = {isa = PBXFileReference; lastKnownFileType = text.plist.xml; path = Info.plist; sourceTree = "<group>"; };
		4C93F34F2C314A8000A3F0D2 /* Compositional LayoutTests.xctest */ = {isa = PBXFileReference; explicitFileType = wrapper.cfbundle; includeInIndex = 0; path = "Compositional LayoutTests.xctest"; sourceTree = BUILT_PRODUCTS_DIR; };
		4C93F3532C314A8000A3F0D2 /* Compositional_LayoutTests.swift */ = {isa = PBXFileReference; lastKnownFileType = sourcecode.swift; path = Compositional_LayoutTests.swift; sourceTree = "<group>"; };
		4C93F3592C314A8000A3F0D2 /* Compositional LayoutUITests.xctest */ = {isa = PBXFileReference; explicitFileType = wrapper.cfbundle; includeInIndex = 0; path = "Compositional LayoutUITests.xctest"; sourceTree = BUILT_PRODUCTS_DIR; };
		4C93F35D2C314A8000A3F0D2 /* Compositional_LayoutUITests.swift */ = {isa = PBXFileReference; lastKnownFileType = sourcecode.swift; path = Compositional_LayoutUITests.swift; sourceTree = "<group>"; };
		4C93F35F2C314A8000A3F0D2 /* Compositional_LayoutUITestsLaunchTests.swift */ = {isa = PBXFileReference; lastKnownFileType = sourcecode.swift; path = Compositional_LayoutUITestsLaunchTests.swift; sourceTree = "<group>"; };
		4C93F36C2C314C7600A3F0D2 /* BannerCvCell.swift */ = {isa = PBXFileReference; fileEncoding = 4; lastKnownFileType = sourcecode.swift; path = BannerCvCell.swift; sourceTree = "<group>"; };
		4C93F36D2C314C7600A3F0D2 /* BannerCvCell.xib */ = {isa = PBXFileReference; fileEncoding = 4; lastKnownFileType = file.xib; path = BannerCvCell.xib; sourceTree = "<group>"; };
		4C93F36F2C314C7600A3F0D2 /* BlueTileCvCell.swift */ = {isa = PBXFileReference; fileEncoding = 4; lastKnownFileType = sourcecode.swift; path = BlueTileCvCell.swift; sourceTree = "<group>"; };
		4C93F3702C314C7600A3F0D2 /* BlueTileCvCell.xib */ = {isa = PBXFileReference; fileEncoding = 4; lastKnownFileType = file.xib; path = BlueTileCvCell.xib; sourceTree = "<group>"; };
		4C93F3722C314C7600A3F0D2 /* MoneyTransferCvCell.swift */ = {isa = PBXFileReference; fileEncoding = 4; lastKnownFileType = sourcecode.swift; path = MoneyTransferCvCell.swift; sourceTree = "<group>"; };
		4C93F3732C314C7600A3F0D2 /* MoneyTransferCvCell.xib */ = {isa = PBXFileReference; fileEncoding = 4; lastKnownFileType = file.xib; path = MoneyTransferCvCell.xib; sourceTree = "<group>"; };
		4C93F3752C314C7600A3F0D2 /* QrCvCell.swift */ = {isa = PBXFileReference; fileEncoding = 4; lastKnownFileType = sourcecode.swift; path = QrCvCell.swift; sourceTree = "<group>"; };
		4C93F3762C314C7600A3F0D2 /* QrCvCell.xib */ = {isa = PBXFileReference; fileEncoding = 4; lastKnownFileType = file.xib; path = QrCvCell.xib; sourceTree = "<group>"; };
		4C93F3792C314C7600A3F0D2 /* HeaderView.swift */ = {isa = PBXFileReference; fileEncoding = 4; lastKnownFileType = sourcecode.swift; path = HeaderView.swift; sourceTree = "<group>"; };
		4C93F37A2C314C7600A3F0D2 /* HeaderView.xib */ = {isa = PBXFileReference; fileEncoding = 4; lastKnownFileType = file.xib; path = HeaderView.xib; sourceTree = "<group>"; };
		4C93F37B2C314C7600A3F0D2 /* Hearder.swift */ = {isa = PBXFileReference; fileEncoding = 4; lastKnownFileType = sourcecode.swift; path = Hearder.swift; sourceTree = "<group>"; };
		4C93F37C2C314C7600A3F0D2 /* Hearder.xib */ = {isa = PBXFileReference; fileEncoding = 4; lastKnownFileType = file.xib; path = Hearder.xib; sourceTree = "<group>"; };
		4C93F37E2C314C7600A3F0D2 /* BackgroundView.swift */ = {isa = PBXFileReference; fileEncoding = 4; lastKnownFileType = sourcecode.swift; path = BackgroundView.swift; sourceTree = "<group>"; };
/* End PBXFileReference section */

/* Begin PBXFrameworksBuildPhase section */
		4C93F3362C314A7F00A3F0D2 /* Frameworks */ = {
			isa = PBXFrameworksBuildPhase;
			buildActionMask = 2147483647;
			files = (
			);
			runOnlyForDeploymentPostprocessing = 0;
		};
		4C93F34C2C314A8000A3F0D2 /* Frameworks */ = {
			isa = PBXFrameworksBuildPhase;
			buildActionMask = 2147483647;
			files = (
			);
			runOnlyForDeploymentPostprocessing = 0;
		};
		4C93F3562C314A8000A3F0D2 /* Frameworks */ = {
			isa = PBXFrameworksBuildPhase;
			buildActionMask = 2147483647;
			files = (
			);
			runOnlyForDeploymentPostprocessing = 0;
		};
/* End PBXFrameworksBuildPhase section */

/* Begin PBXGroup section */
		4C93F3302C314A7F00A3F0D2 = {
			isa = PBXGroup;
			children = (
				4C93F33B2C314A7F00A3F0D2 /* Compositional Layout */,
				4C93F3522C314A8000A3F0D2 /* Compositional LayoutTests */,
				4C93F35C2C314A8000A3F0D2 /* Compositional LayoutUITests */,
				4C93F33A2C314A7F00A3F0D2 /* Products */,
			);
			sourceTree = "<group>";
		};
		4C93F33A2C314A7F00A3F0D2 /* Products */ = {
			isa = PBXGroup;
			children = (
				4C93F3392C314A7F00A3F0D2 /* Compositional Layout.app */,
				4C93F34F2C314A8000A3F0D2 /* Compositional LayoutTests.xctest */,
				4C93F3592C314A8000A3F0D2 /* Compositional LayoutUITests.xctest */,
			);
			name = Products;
			sourceTree = "<group>";
		};
		4C93F33B2C314A7F00A3F0D2 /* Compositional Layout */ = {
			isa = PBXGroup;
			children = (
				4C93F33C2C314A7F00A3F0D2 /* AppDelegate.swift */,
				4C93F33E2C314A7F00A3F0D2 /* SceneDelegate.swift */,
				4C93F3402C314A7F00A3F0D2 /* ViewController.swift */,
				4C93F3802C314C7600A3F0D2 /* Compositional */,
				4C93F3422C314A7F00A3F0D2 /* Main.storyboard */,
				4C93F3452C314A8000A3F0D2 /* Assets.xcassets */,
				4C93F3472C314A8000A3F0D2 /* LaunchScreen.storyboard */,
				4C93F34A2C314A8000A3F0D2 /* Info.plist */,
			);
			path = "Compositional Layout";
			sourceTree = "<group>";
		};
		4C93F3522C314A8000A3F0D2 /* Compositional LayoutTests */ = {
			isa = PBXGroup;
			children = (
				4C93F3532C314A8000A3F0D2 /* Compositional_LayoutTests.swift */,
			);
			path = "Compositional LayoutTests";
			sourceTree = "<group>";
		};
		4C93F35C2C314A8000A3F0D2 /* Compositional LayoutUITests */ = {
			isa = PBXGroup;
			children = (
				4C93F35D2C314A8000A3F0D2 /* Compositional_LayoutUITests.swift */,
				4C93F35F2C314A8000A3F0D2 /* Compositional_LayoutUITestsLaunchTests.swift */,
			);
			path = "Compositional LayoutUITests";
			sourceTree = "<group>";
		};
		4C93F36E2C314C7600A3F0D2 /* Banner */ = {
			isa = PBXGroup;
			children = (
				4C93F36C2C314C7600A3F0D2 /* BannerCvCell.swift */,
				4C93F36D2C314C7600A3F0D2 /* BannerCvCell.xib */,
			);
			path = Banner;
			sourceTree = "<group>";
		};
		4C93F3712C314C7600A3F0D2 /* BlueTile */ = {
			isa = PBXGroup;
			children = (
				4C93F36F2C314C7600A3F0D2 /* BlueTileCvCell.swift */,
				4C93F3702C314C7600A3F0D2 /* BlueTileCvCell.xib */,
			);
			path = BlueTile;
			sourceTree = "<group>";
		};
		4C93F3742C314C7600A3F0D2 /* MoneyTransfer */ = {
			isa = PBXGroup;
			children = (
				4C93F3722C314C7600A3F0D2 /* MoneyTransferCvCell.swift */,
				4C93F3732C314C7600A3F0D2 /* MoneyTransferCvCell.xib */,
			);
			path = MoneyTransfer;
			sourceTree = "<group>";
		};
		4C93F3772C314C7600A3F0D2 /* Qr */ = {
			isa = PBXGroup;
			children = (
				4C93F3752C314C7600A3F0D2 /* QrCvCell.swift */,
				4C93F3762C314C7600A3F0D2 /* QrCvCell.xib */,
			);
			path = Qr;
			sourceTree = "<group>";
		};
		4C93F3782C314C7600A3F0D2 /* Cell */ = {
			isa = PBXGroup;
			children = (
				4C93F36E2C314C7600A3F0D2 /* Banner */,
				4C93F3712C314C7600A3F0D2 /* BlueTile */,
				4C93F3742C314C7600A3F0D2 /* MoneyTransfer */,
				4C93F3772C314C7600A3F0D2 /* Qr */,
			);
			path = Cell;
			sourceTree = "<group>";
		};
		4C93F37D2C314C7600A3F0D2 /* HeaderAndFooter */ = {
			isa = PBXGroup;
			children = (
				4C93F3792C314C7600A3F0D2 /* HeaderView.swift */,
				4C93F37A2C314C7600A3F0D2 /* HeaderView.xib */,
				4C93F37B2C314C7600A3F0D2 /* Hearder.swift */,
				4C93F37C2C314C7600A3F0D2 /* Hearder.xib */,
			);
			path = HeaderAndFooter;
			sourceTree = "<group>";
		};
		4C93F37F2C314C7600A3F0D2 /* SectionBgView */ = {
			isa = PBXGroup;
			children = (
				4C93F37E2C314C7600A3F0D2 /* BackgroundView.swift */,
			);
			path = SectionBgView;
			sourceTree = "<group>";
		};
		4C93F3802C314C7600A3F0D2 /* Compositional */ = {
			isa = PBXGroup;
			children = (
				4C93F3782C314C7600A3F0D2 /* Cell */,
				4C93F37D2C314C7600A3F0D2 /* HeaderAndFooter */,
				4C93F37F2C314C7600A3F0D2 /* SectionBgView */,
			);
			name = Compositional;
			path = ../../../../Downloads/PhonePayCompositional/PhonePayCompositional/Compositional;
			sourceTree = "<group>";
		};
/* End PBXGroup section */

/* Begin PBXNativeTarget section */
		4C93F3382C314A7F00A3F0D2 /* Compositional Layout */ = {
			isa = PBXNativeTarget;
			buildConfigurationList = 4C93F3632C314A8000A3F0D2 /* Build configuration list for PBXNativeTarget "Compositional Layout" */;
			buildPhases = (
				4C93F3352C314A7F00A3F0D2 /* Sources */,
				4C93F3362C314A7F00A3F0D2 /* Frameworks */,
				4C93F3372C314A7F00A3F0D2 /* Resources */,
			);
			buildRules = (
			);
			dependencies = (
			);
			name = "Compositional Layout";
			productName = "Compositional Layout";
			productReference = 4C93F3392C314A7F00A3F0D2 /* Compositional Layout.app */;
			productType = "com.apple.product-type.application";
		};
		4C93F34E2C314A8000A3F0D2 /* Compositional LayoutTests */ = {
			isa = PBXNativeTarget;
			buildConfigurationList = 4C93F3662C314A8000A3F0D2 /* Build configuration list for PBXNativeTarget "Compositional LayoutTests" */;
			buildPhases = (
				4C93F34B2C314A8000A3F0D2 /* Sources */,
				4C93F34C2C314A8000A3F0D2 /* Frameworks */,
				4C93F34D2C314A8000A3F0D2 /* Resources */,
			);
			buildRules = (
			);
			dependencies = (
				4C93F3512C314A8000A3F0D2 /* PBXTargetDependency */,
			);
			name = "Compositional LayoutTests";
			productName = "Compositional LayoutTests";
			productReference = 4C93F34F2C314A8000A3F0D2 /* Compositional LayoutTests.xctest */;
			productType = "com.apple.product-type.bundle.unit-test";
		};
		4C93F3582C314A8000A3F0D2 /* Compositional LayoutUITests */ = {
			isa = PBXNativeTarget;
			buildConfigurationList = 4C93F3692C314A8000A3F0D2 /* Build configuration list for PBXNativeTarget "Compositional LayoutUITests" */;
			buildPhases = (
				4C93F3552C314A8000A3F0D2 /* Sources */,
				4C93F3562C314A8000A3F0D2 /* Frameworks */,
				4C93F3572C314A8000A3F0D2 /* Resources */,
			);
			buildRules = (
			);
			dependencies = (
				4C93F35B2C314A8000A3F0D2 /* PBXTargetDependency */,
			);
			name = "Compositional LayoutUITests";
			productName = "Compositional LayoutUITests";
			productReference = 4C93F3592C314A8000A3F0D2 /* Compositional LayoutUITests.xctest */;
			productType = "com.apple.product-type.bundle.ui-testing";
		};
/* End PBXNativeTarget section */

/* Begin PBXProject section */
		4C93F3312C314A7F00A3F0D2 /* Project object */ = {
			isa = PBXProject;
			attributes = {
				BuildIndependentTargetsInParallel = 1;
				LastSwiftUpdateCheck = 1530;
				LastUpgradeCheck = 1530;
				TargetAttributes = {
					4C93F3382C314A7F00A3F0D2 = {
						CreatedOnToolsVersion = 15.3;
					};
					4C93F34E2C314A8000A3F0D2 = {
						CreatedOnToolsVersion = 15.3;
						TestTargetID = 4C93F3382C314A7F00A3F0D2;
					};
					4C93F3582C314A8000A3F0D2 = {
						CreatedOnToolsVersion = 15.3;
						TestTargetID = 4C93F3382C314A7F00A3F0D2;
					};
				};
			};
			buildConfigurationList = 4C93F3342C314A7F00A3F0D2 /* Build configuration list for PBXProject "Compositional Layout" */;
			compatibilityVersion = "Xcode 14.0";
			developmentRegion = en;
			hasScannedForEncodings = 0;
			knownRegions = (
				en,
				Base,
			);
			mainGroup = 4C93F3302C314A7F00A3F0D2;
			productRefGroup = 4C93F33A2C314A7F00A3F0D2 /* Products */;
			projectDirPath = "";
			projectRoot = "";
			targets = (
				4C93F3382C314A7F00A3F0D2 /* Compositional Layout */,
				4C93F34E2C314A8000A3F0D2 /* Compositional LayoutTests */,
				4C93F3582C314A8000A3F0D2 /* Compositional LayoutUITests */,
			);
		};
/* End PBXProject section */

/* Begin PBXResourcesBuildPhase section */
		4C93F3372C314A7F00A3F0D2 /* Resources */ = {
			isa = PBXResourcesBuildPhase;
			buildActionMask = 2147483647;
			files = (
				4C93F3882C314C7600A3F0D2 /* QrCvCell.xib in Resources */,
				4C93F3822C314C7600A3F0D2 /* BannerCvCell.xib in Resources */,
				4C93F3842C314C7600A3F0D2 /* BlueTileCvCell.xib in Resources */,
				4C93F38A2C314C7600A3F0D2 /* HeaderView.xib in Resources */,
				4C93F3462C314A8000A3F0D2 /* Assets.xcassets in Resources */,
				4C93F3492C314A8000A3F0D2 /* Base in Resources */,
				4C93F38C2C314C7600A3F0D2 /* Hearder.xib in Resources */,
				4C93F3862C314C7600A3F0D2 /* MoneyTransferCvCell.xib in Resources */,
				4C93F3442C314A7F00A3F0D2 /* Base in Resources */,
			);
			runOnlyForDeploymentPostprocessing = 0;
		};
		4C93F34D2C314A8000A3F0D2 /* Resources */ = {
			isa = PBXResourcesBuildPhase;
			buildActionMask = 2147483647;
			files = (
			);
			runOnlyForDeploymentPostprocessing = 0;
		};
		4C93F3572C314A8000A3F0D2 /* Resources */ = {
			isa = PBXResourcesBuildPhase;
			buildActionMask = 2147483647;
			files = (
			);
			runOnlyForDeploymentPostprocessing = 0;
		};
/* End PBXResourcesBuildPhase section */

/* Begin PBXSourcesBuildPhase section */
		4C93F3352C314A7F00A3F0D2 /* Sources */ = {
			isa = PBXSourcesBuildPhase;
			buildActionMask = 2147483647;
			files = (
				4C93F38D2C314C7600A3F0D2 /* BackgroundView.swift in Sources */,
				4C93F38B2C314C7600A3F0D2 /* Hearder.swift in Sources */,
				4C93F3812C314C7600A3F0D2 /* BannerCvCell.swift in Sources */,
				4C93F3412C314A7F00A3F0D2 /* ViewController.swift in Sources */,
				4C93F3872C314C7600A3F0D2 /* QrCvCell.swift in Sources */,
				4C93F33D2C314A7F00A3F0D2 /* AppDelegate.swift in Sources */,
				4C93F3832C314C7600A3F0D2 /* BlueTileCvCell.swift in Sources */,
				4C93F3852C314C7600A3F0D2 /* MoneyTransferCvCell.swift in Sources */,
				4C93F33F2C314A7F00A3F0D2 /* SceneDelegate.swift in Sources */,
				4C93F3892C314C7600A3F0D2 /* HeaderView.swift in Sources */,
			);
			runOnlyForDeploymentPostprocessing = 0;
		};
		4C93F34B2C314A8000A3F0D2 /* Sources */ = {
			isa = PBXSourcesBuildPhase;
			buildActionMask = 2147483647;
			files = (
				4C93F3542C314A8000A3F0D2 /* Compositional_LayoutTests.swift in Sources */,
			);
			runOnlyForDeploymentPostprocessing = 0;
		};
		4C93F3552C314A8000A3F0D2 /* Sources */ = {
			isa = PBXSourcesBuildPhase;
			buildActionMask = 2147483647;
			files = (
				4C93F3602C314A8000A3F0D2 /* Compositional_LayoutUITestsLaunchTests.swift in Sources */,
				4C93F35E2C314A8000A3F0D2 /* Compositional_LayoutUITests.swift in Sources */,
			);
			runOnlyForDeploymentPostprocessing = 0;
		};
/* End PBXSourcesBuildPhase section */

/* Begin PBXTargetDependency section */
		4C93F3512C314A8000A3F0D2 /* PBXTargetDependency */ = {
			isa = PBXTargetDependency;
			target = 4C93F3382C314A7F00A3F0D2 /* Compositional Layout */;
			targetProxy = 4C93F3502C314A8000A3F0D2 /* PBXContainerItemProxy */;
		};
		4C93F35B2C314A8000A3F0D2 /* PBXTargetDependency */ = {
			isa = PBXTargetDependency;
			target = 4C93F3382C314A7F00A3F0D2 /* Compositional Layout */;
			targetProxy = 4C93F35A2C314A8000A3F0D2 /* PBXContainerItemProxy */;
		};
/* End PBXTargetDependency section */

/* Begin PBXVariantGroup section */
		4C93F3422C314A7F00A3F0D2 /* Main.storyboard */ = {
			isa = PBXVariantGroup;
			children = (
				4C93F3432C314A7F00A3F0D2 /* Base */,
			);
			name = Main.storyboard;
			sourceTree = "<group>";
		};
		4C93F3472C314A8000A3F0D2 /* LaunchScreen.storyboard */ = {
			isa = PBXVariantGroup;
			children = (
				4C93F3482C314A8000A3F0D2 /* Base */,
			);
			name = LaunchScreen.storyboard;
			sourceTree = "<group>";
		};
/* End PBXVariantGroup section */

/* Begin XCBuildConfiguration section */
		4C93F3612C314A8000A3F0D2 /* Debug */ = {
			isa = XCBuildConfiguration;
			buildSettings = {
				ALWAYS_SEARCH_USER_PATHS = NO;
				ASSETCATALOG_COMPILER_GENERATE_SWIFT_ASSET_SYMBOL_EXTENSIONS = YES;
				CLANG_ANALYZER_NONNULL = YES;
				CLANG_ANALYZER_NUMBER_OBJECT_CONVERSION = YES_AGGRESSIVE;
				CLANG_CXX_LANGUAGE_STANDARD = "gnu++20";
				CLANG_ENABLE_MODULES = YES;
				CLANG_ENABLE_OBJC_ARC = YES;
				CLANG_ENABLE_OBJC_WEAK = YES;
				CLANG_WARN_BLOCK_CAPTURE_AUTORELEASING = YES;
				CLANG_WARN_BOOL_CONVERSION = YES;
				CLANG_WARN_COMMA = YES;
				CLANG_WARN_CONSTANT_CONVERSION = YES;
				CLANG_WARN_DEPRECATED_OBJC_IMPLEMENTATIONS = YES;
				CLANG_WARN_DIRECT_OBJC_ISA_USAGE = YES_ERROR;
				CLANG_WARN_DOCUMENTATION_COMMENTS = YES;
				CLANG_WARN_EMPTY_BODY = YES;
				CLANG_WARN_ENUM_CONVERSION = YES;
				CLANG_WARN_INFINITE_RECURSION = YES;
				CLANG_WARN_INT_CONVERSION = YES;
				CLANG_WARN_NON_LITERAL_NULL_CONVERSION = YES;
				CLANG_WARN_OBJC_IMPLICIT_RETAIN_SELF = YES;
				CLANG_WARN_OBJC_LITERAL_CONVERSION = YES;
				CLANG_WARN_OBJC_ROOT_CLASS = YES_ERROR;
				CLANG_WARN_QUOTED_INCLUDE_IN_FRAMEWORK_HEADER = YES;
				CLANG_WARN_RANGE_LOOP_ANALYSIS = YES;
				CLANG_WARN_STRICT_PROTOTYPES = YES;
				CLANG_WARN_SUSPICIOUS_MOVE = YES;
				CLANG_WARN_UNGUARDED_AVAILABILITY = YES_AGGRESSIVE;
				CLANG_WARN_UNREACHABLE_CODE = YES;
				CLANG_WARN__DUPLICATE_METHOD_MATCH = YES;
				COPY_PHASE_STRIP = NO;
				DEBUG_INFORMATION_FORMAT = dwarf;
				ENABLE_STRICT_OBJC_MSGSEND = YES;
				ENABLE_TESTABILITY = YES;
				ENABLE_USER_SCRIPT_SANDBOXING = YES;
				GCC_C_LANGUAGE_STANDARD = gnu17;
				GCC_DYNAMIC_NO_PIC = NO;
				GCC_NO_COMMON_BLOCKS = YES;
				GCC_OPTIMIZATION_LEVEL = 0;
				GCC_PREPROCESSOR_DEFINITIONS = (
					"DEBUG=1",
					"$(inherited)",
				);
				GCC_WARN_64_TO_32_BIT_CONVERSION = YES;
				GCC_WARN_ABOUT_RETURN_TYPE = YES_ERROR;
				GCC_WARN_UNDECLARED_SELECTOR = YES;
				GCC_WARN_UNINITIALIZED_AUTOS = YES_AGGRESSIVE;
				GCC_WARN_UNUSED_FUNCTION = YES;
				GCC_WARN_UNUSED_VARIABLE = YES;
				IPHONEOS_DEPLOYMENT_TARGET = 17.4;
				LOCALIZATION_PREFERS_STRING_CATALOGS = YES;
				MTL_ENABLE_DEBUG_INFO = INCLUDE_SOURCE;
				MTL_FAST_MATH = YES;
				ONLY_ACTIVE_ARCH = YES;
				SDKROOT = iphoneos;
				SWIFT_ACTIVE_COMPILATION_CONDITIONS = "DEBUG $(inherited)";
				SWIFT_OPTIMIZATION_LEVEL = "-Onone";
			};
			name = Debug;
		};
		4C93F3622C314A8000A3F0D2 /* Release */ = {
			isa = XCBuildConfiguration;
			buildSettings = {
				ALWAYS_SEARCH_USER_PATHS = NO;
				ASSETCATALOG_COMPILER_GENERATE_SWIFT_ASSET_SYMBOL_EXTENSIONS = YES;
				CLANG_ANALYZER_NONNULL = YES;
				CLANG_ANALYZER_NUMBER_OBJECT_CONVERSION = YES_AGGRESSIVE;
				CLANG_CXX_LANGUAGE_STANDARD = "gnu++20";
				CLANG_ENABLE_MODULES = YES;
				CLANG_ENABLE_OBJC_ARC = YES;
				CLANG_ENABLE_OBJC_WEAK = YES;
				CLANG_WARN_BLOCK_CAPTURE_AUTORELEASING = YES;
				CLANG_WARN_BOOL_CONVERSION = YES;
				CLANG_WARN_COMMA = YES;
				CLANG_WARN_CONSTANT_CONVERSION = YES;
				CLANG_WARN_DEPRECATED_OBJC_IMPLEMENTATIONS = YES;
				CLANG_WARN_DIRECT_OBJC_ISA_USAGE = YES_ERROR;
				CLANG_WARN_DOCUMENTATION_COMMENTS = YES;
				CLANG_WARN_EMPTY_BODY = YES;
				CLANG_WARN_ENUM_CONVERSION = YES;
				CLANG_WARN_INFINITE_RECURSION = YES;
				CLANG_WARN_INT_CONVERSION = YES;
				CLANG_WARN_NON_LITERAL_NULL_CONVERSION = YES;
				CLANG_WARN_OBJC_IMPLICIT_RETAIN_SELF = YES;
				CLANG_WARN_OBJC_LITERAL_CONVERSION = YES;
				CLANG_WARN_OBJC_ROOT_CLASS = YES_ERROR;
				CLANG_WARN_QUOTED_INCLUDE_IN_FRAMEWORK_HEADER = YES;
				CLANG_WARN_RANGE_LOOP_ANALYSIS = YES;
				CLANG_WARN_STRICT_PROTOTYPES = YES;
				CLANG_WARN_SUSPICIOUS_MOVE = YES;
				CLANG_WARN_UNGUARDED_AVAILABILITY = YES_AGGRESSIVE;
				CLANG_WARN_UNREACHABLE_CODE = YES;
				CLANG_WARN__DUPLICATE_METHOD_MATCH = YES;
				COPY_PHASE_STRIP = NO;
				DEBUG_INFORMATION_FORMAT = "dwarf-with-dsym";
				ENABLE_NS_ASSERTIONS = NO;
				ENABLE_STRICT_OBJC_MSGSEND = YES;
				ENABLE_USER_SCRIPT_SANDBOXING = YES;
				GCC_C_LANGUAGE_STANDARD = gnu17;
				GCC_NO_COMMON_BLOCKS = YES;
				GCC_WARN_64_TO_32_BIT_CONVERSION = YES;
				GCC_WARN_ABOUT_RETURN_TYPE = YES_ERROR;
				GCC_WARN_UNDECLARED_SELECTOR = YES;
				GCC_WARN_UNINITIALIZED_AUTOS = YES_AGGRESSIVE;
				GCC_WARN_UNUSED_FUNCTION = YES;
				GCC_WARN_UNUSED_VARIABLE = YES;
				IPHONEOS_DEPLOYMENT_TARGET = 17.4;
				LOCALIZATION_PREFERS_STRING_CATALOGS = YES;
				MTL_ENABLE_DEBUG_INFO = NO;
				MTL_FAST_MATH = YES;
				SDKROOT = iphoneos;
				SWIFT_COMPILATION_MODE = wholemodule;
				VALIDATE_PRODUCT = YES;
			};
			name = Release;
		};
		4C93F3642C314A8000A3F0D2 /* Debug */ = {
			isa = XCBuildConfiguration;
			buildSettings = {
				ASSETCATALOG_COMPILER_APPICON_NAME = AppIcon;
				ASSETCATALOG_COMPILER_GLOBAL_ACCENT_COLOR_NAME = AccentColor;
				CODE_SIGN_STYLE = Automatic;
				CURRENT_PROJECT_VERSION = 1;
				GENERATE_INFOPLIST_FILE = YES;
				INFOPLIST_FILE = "Compositional Layout/Info.plist";
				INFOPLIST_KEY_UIApplicationSupportsIndirectInputEvents = YES;
				INFOPLIST_KEY_UILaunchStoryboardName = LaunchScreen;
				INFOPLIST_KEY_UIMainStoryboardFile = Main;
				INFOPLIST_KEY_UISupportedInterfaceOrientations_iPad = "UIInterfaceOrientationPortrait UIInterfaceOrientationPortraitUpsideDown UIInterfaceOrientationLandscapeLeft UIInterfaceOrientationLandscapeRight";
				INFOPLIST_KEY_UISupportedInterfaceOrientations_iPhone = "UIInterfaceOrientationPortrait UIInterfaceOrientationLandscapeLeft UIInterfaceOrientationLandscapeRight";
				LD_RUNPATH_SEARCH_PATHS = (
					"$(inherited)",
					"@executable_path/Frameworks",
				);
				MARKETING_VERSION = 1.0;
				PRODUCT_BUNDLE_IDENTIFIER = "anshika.pathak.Compositional-Layout";
				PRODUCT_NAME = "$(TARGET_NAME)";
				SWIFT_EMIT_LOC_STRINGS = YES;
				SWIFT_VERSION = 5.0;
				TARGETED_DEVICE_FAMILY = "1,2";
			};
			name = Debug;
		};
		4C93F3652C314A8000A3F0D2 /* Release */ = {
			isa = XCBuildConfiguration;
			buildSettings = {
				ASSETCATALOG_COMPILER_APPICON_NAME = AppIcon;
				ASSETCATALOG_COMPILER_GLOBAL_ACCENT_COLOR_NAME = AccentColor;
				CODE_SIGN_STYLE = Automatic;
				CURRENT_PROJECT_VERSION = 1;
				GENERATE_INFOPLIST_FILE = YES;
				INFOPLIST_FILE = "Compositional Layout/Info.plist";
				INFOPLIST_KEY_UIApplicationSupportsIndirectInputEvents = YES;
				INFOPLIST_KEY_UILaunchStoryboardName = LaunchScreen;
				INFOPLIST_KEY_UIMainStoryboardFile = Main;
				INFOPLIST_KEY_UISupportedInterfaceOrientations_iPad = "UIInterfaceOrientationPortrait UIInterfaceOrientationPortraitUpsideDown UIInterfaceOrientationLandscapeLeft UIInterfaceOrientationLandscapeRight";
				INFOPLIST_KEY_UISupportedInterfaceOrientations_iPhone = "UIInterfaceOrientationPortrait UIInterfaceOrientationLandscapeLeft UIInterfaceOrientationLandscapeRight";
				LD_RUNPATH_SEARCH_PATHS = (
					"$(inherited)",
					"@executable_path/Frameworks",
				);
				MARKETING_VERSION = 1.0;
				PRODUCT_BUNDLE_IDENTIFIER = "anshika.pathak.Compositional-Layout";
				PRODUCT_NAME = "$(TARGET_NAME)";
				SWIFT_EMIT_LOC_STRINGS = YES;
				SWIFT_VERSION = 5.0;
				TARGETED_DEVICE_FAMILY = "1,2";
			};
			name = Release;
		};
		4C93F3672C314A8000A3F0D2 /* Debug */ = {
			isa = XCBuildConfiguration;
			buildSettings = {
				ALWAYS_EMBED_SWIFT_STANDARD_LIBRARIES = YES;
				BUNDLE_LOADER = "$(TEST_HOST)";
				CODE_SIGN_STYLE = Automatic;
				CURRENT_PROJECT_VERSION = 1;
				GENERATE_INFOPLIST_FILE = YES;
				IPHONEOS_DEPLOYMENT_TARGET = 17.4;
				MARKETING_VERSION = 1.0;
				PRODUCT_BUNDLE_IDENTIFIER = "anshika.pathak.Compositional-LayoutTests";
				PRODUCT_NAME = "$(TARGET_NAME)";
				SWIFT_EMIT_LOC_STRINGS = NO;
				SWIFT_VERSION = 5.0;
				TARGETED_DEVICE_FAMILY = "1,2";
				TEST_HOST = "$(BUILT_PRODUCTS_DIR)/Compositional Layout.app/$(BUNDLE_EXECUTABLE_FOLDER_PATH)/Compositional Layout";
			};
			name = Debug;
		};
		4C93F3682C314A8000A3F0D2 /* Release */ = {
			isa = XCBuildConfiguration;
			buildSettings = {
				ALWAYS_EMBED_SWIFT_STANDARD_LIBRARIES = YES;
				BUNDLE_LOADER = "$(TEST_HOST)";
				CODE_SIGN_STYLE = Automatic;
				CURRENT_PROJECT_VERSION = 1;
				GENERATE_INFOPLIST_FILE = YES;
				IPHONEOS_DEPLOYMENT_TARGET = 17.4;
				MARKETING_VERSION = 1.0;
				PRODUCT_BUNDLE_IDENTIFIER = "anshika.pathak.Compositional-LayoutTests";
				PRODUCT_NAME = "$(TARGET_NAME)";
				SWIFT_EMIT_LOC_STRINGS = NO;
				SWIFT_VERSION = 5.0;
				TARGETED_DEVICE_FAMILY = "1,2";
				TEST_HOST = "$(BUILT_PRODUCTS_DIR)/Compositional Layout.app/$(BUNDLE_EXECUTABLE_FOLDER_PATH)/Compositional Layout";
			};
			name = Release;
		};
		4C93F36A2C314A8000A3F0D2 /* Debug */ = {
			isa = XCBuildConfiguration;
			buildSettings = {
				ALWAYS_EMBED_SWIFT_STANDARD_LIBRARIES = YES;
				CODE_SIGN_STYLE = Automatic;
				CURRENT_PROJECT_VERSION = 1;
				GENERATE_INFOPLIST_FILE = YES;
				MARKETING_VERSION = 1.0;
				PRODUCT_BUNDLE_IDENTIFIER = "anshika.pathak.Compositional-LayoutUITests";
				PRODUCT_NAME = "$(TARGET_NAME)";
				SWIFT_EMIT_LOC_STRINGS = NO;
				SWIFT_VERSION = 5.0;
				TARGETED_DEVICE_FAMILY = "1,2";
				TEST_TARGET_NAME = "Compositional Layout";
			};
			name = Debug;
		};
		4C93F36B2C314A8000A3F0D2 /* Release */ = {
			isa = XCBuildConfiguration;
			buildSettings = {
				ALWAYS_EMBED_SWIFT_STANDARD_LIBRARIES = YES;
				CODE_SIGN_STYLE = Automatic;
				CURRENT_PROJECT_VERSION = 1;
				GENERATE_INFOPLIST_FILE = YES;
				MARKETING_VERSION = 1.0;
				PRODUCT_BUNDLE_IDENTIFIER = "anshika.pathak.Compositional-LayoutUITests";
				PRODUCT_NAME = "$(TARGET_NAME)";
				SWIFT_EMIT_LOC_STRINGS = NO;
				SWIFT_VERSION = 5.0;
				TARGETED_DEVICE_FAMILY = "1,2";
				TEST_TARGET_NAME = "Compositional Layout";
			};
			name = Release;
		};
/* End XCBuildConfiguration section */

/* Begin XCConfigurationList section */
		4C93F3342C314A7F00A3F0D2 /* Build configuration list for PBXProject "Compositional Layout" */ = {
			isa = XCConfigurationList;
			buildConfigurations = (
				4C93F3612C314A8000A3F0D2 /* Debug */,
				4C93F3622C314A8000A3F0D2 /* Release */,
			);
			defaultConfigurationIsVisible = 0;
			defaultConfigurationName = Release;
		};
		4C93F3632C314A8000A3F0D2 /* Build configuration list for PBXNativeTarget "Compositional Layout" */ = {
			isa = XCConfigurationList;
			buildConfigurations = (
				4C93F3642C314A8000A3F0D2 /* Debug */,
				4C93F3652C314A8000A3F0D2 /* Release */,
			);
			defaultConfigurationIsVisible = 0;
			defaultConfigurationName = Release;
		};
		4C93F3662C314A8000A3F0D2 /* Build configuration list for PBXNativeTarget "Compositional LayoutTests" */ = {
			isa = XCConfigurationList;
			buildConfigurations = (
				4C93F3672C314A8000A3F0D2 /* Debug */,
				4C93F3682C314A8000A3F0D2 /* Release */,
			);
			defaultConfigurationIsVisible = 0;
			defaultConfigurationName = Release;
		};
		4C93F3692C314A8000A3F0D2 /* Build configuration list for PBXNativeTarget "Compositional LayoutUITests" */ = {
			isa = XCConfigurationList;
			buildConfigurations = (
				4C93F36A2C314A8000A3F0D2 /* Debug */,
				4C93F36B2C314A8000A3F0D2 /* Release */,
			);
			defaultConfigurationIsVisible = 0;
			defaultConfigurationName = Release;
		};
/* End XCConfigurationList section */
	};
	rootObject = 4C93F3312C314A7F00A3F0D2 /* Project object */;
}
